
Microsoft Visual Studio Solution File, Format Version 12.00
# Visual Studio Version 16
VisualStudioVersion = 16.0.30225.117
MinimumVisualStudioVersion = 15.0.26124.0
Project("{2150E333-8FDC-42A3-9474-1A3956D46DE8}") = "src", "src", "{47C95FBE-BA48-4417-8AF7-0915E5F1928E}"
EndProject
Project("{9A19103F-16F7-4668-BE54-9A1E7A4F7556}") = "Battleships.Api", "src\Battleships.Api\Battleships.Api.csproj", "{14829A3B-A66A-4FB5-B872-6168CDC52263}"
EndProject
Project("{9A19103F-16F7-4668-BE54-9A1E7A4F7556}") = "Battleships.Game", "src\Battleships.Game\Battleships.Game.csproj", "{33D249E2-482A-4F2A-B204-60E4791E00A9}"
EndProject
Project("{9A19103F-16F7-4668-BE54-9A1E7A4F7556}") = "Battleships.Presistance", "src\Battleships.Presistance\Battleships.Presistance.csproj", "{3DC1B783-AF69-4CFB-BAEA-EAEC2AE8F3FE}"
EndProject
Project("{2150E333-8FDC-42A3-9474-1A3956D46DE8}") = "tests", "tests", "{E7DFB5FF-3FF8-446A-8F55-F1735AEEA532}"
EndProject
Project("{9A19103F-16F7-4668-BE54-9A1E7A4F7556}") = "Battleships.Game.Tests", "tests\Battleships.Game.Tests\Battleships.Game.Tests.csproj", "{73349DF9-56B5-40AF-9D07-7CBDC5BD3799}"
EndProject
Project("{9A19103F-16F7-4668-BE54-9A1E7A4F7556}") = "Battleships.Game.Startup", "src\Battleships.Game.Startup\Battleships.Game.Startup.csproj", "{39B10A52-73D1-4C3D-B257-28F671755029}"
EndProject
Project("{2150E333-8FDC-42A3-9474-1A3956D46DE8}") = "Presentation", "Presentation", "{AD70F5BE-1A46-4780-883A-0DA73A94C126}"
EndProject
Project("{2150E333-8FDC-42A3-9474-1A3956D46DE8}") = "Core", "Core", "{12D5A159-C02C-4BD1-A3F1-1D8380BD11CB}"
EndProject
Project("{2150E333-8FDC-42A3-9474-1A3956D46DE8}") = "Infrastructure", "Infrastructure", "{DA2F811F-E97A-4C4D-AD3B-A5C439FABC6B}"
EndProject
Global
	GlobalSection(SolutionConfigurationPlatforms) = preSolution
		Debug|Any CPU = Debug|Any CPU
		Debug|x64 = Debug|x64
		Debug|x86 = Debug|x86
		Release|Any CPU = Release|Any CPU
		Release|x64 = Release|x64
		Release|x86 = Release|x86
	EndGlobalSection
	GlobalSection(ProjectConfigurationPlatforms) = postSolution
		{14829A3B-A66A-4FB5-B872-6168CDC52263}.Debug|Any CPU.ActiveCfg = Debug|Any CPU
		{14829A3B-A66A-4FB5-B872-6168CDC52263}.Debug|Any CPU.Build.0 = Debug|Any CPU
		{14829A3B-A66A-4FB5-B872-6168CDC52263}.Debug|x64.ActiveCfg = Debug|Any CPU
		{14829A3B-A66A-4FB5-B872-6168CDC52263}.Debug|x64.Build.0 = Debug|Any CPU
		{14829A3B-A66A-4FB5-B872-6168CDC52263}.Debug|x86.ActiveCfg = Debug|Any CPU
		{14829A3B-A66A-4FB5-B872-6168CDC52263}.Debug|x86.Build.0 = Debug|Any CPU
		{14829A3B-A66A-4FB5-B872-6168CDC52263}.Release|Any CPU.ActiveCfg = Release|Any CPU
		{14829A3B-A66A-4FB5-B872-6168CDC52263}.Release|Any CPU.Build.0 = Release|Any CPU
		{14829A3B-A66A-4FB5-B872-6168CDC52263}.Release|x64.ActiveCfg = Release|Any CPU
		{14829A3B-A66A-4FB5-B872-6168CDC52263}.Release|x64.Build.0 = Release|Any CPU
		{14829A3B-A66A-4FB5-B872-6168CDC52263}.Release|x86.ActiveCfg = Release|Any CPU
		{14829A3B-A66A-4FB5-B872-6168CDC52263}.Release|x86.Build.0 = Release|Any CPU
		{33D249E2-482A-4F2A-B204-60E4791E00A9}.Debug|Any CPU.ActiveCfg = Debug|Any CPU
		{33D249E2-482A-4F2A-B204-60E4791E00A9}.Debug|Any CPU.Build.0 = Debug|Any CPU
		{33D249E2-482A-4F2A-B204-60E4791E00A9}.Debug|x64.ActiveCfg = Debug|Any CPU
		{33D249E2-482A-4F2A-B204-60E4791E00A9}.Debug|x64.Build.0 = Debug|Any CPU
		{33D249E2-482A-4F2A-B204-60E4791E00A9}.Debug|x86.ActiveCfg = Debug|Any CPU
		{33D249E2-482A-4F2A-B204-60E4791E00A9}.Debug|x86.Build.0 = Debug|Any CPU
		{33D249E2-482A-4F2A-B204-60E4791E00A9}.Release|Any CPU.ActiveCfg = Release|Any CPU
		{33D249E2-482A-4F2A-B204-60E4791E00A9}.Release|Any CPU.Build.0 = Release|Any CPU
		{33D249E2-482A-4F2A-B204-60E4791E00A9}.Release|x64.ActiveCfg = Release|Any CPU
		{33D249E2-482A-4F2A-B204-60E4791E00A9}.Release|x64.Build.0 = Release|Any CPU
		{33D249E2-482A-4F2A-B204-60E4791E00A9}.Release|x86.ActiveCfg = Release|Any CPU
		{33D249E2-482A-4F2A-B204-60E4791E00A9}.Release|x86.Build.0 = Release|Any CPU
		{3DC1B783-AF69-4CFB-BAEA-EAEC2AE8F3FE}.Debug|Any CPU.ActiveCfg = Debug|Any CPU
		{3DC1B783-AF69-4CFB-BAEA-EAEC2AE8F3FE}.Debug|Any CPU.Build.0 = Debug|Any CPU
		{3DC1B783-AF69-4CFB-BAEA-EAEC2AE8F3FE}.Debug|x64.ActiveCfg = Debug|Any CPU
		{3DC1B783-AF69-4CFB-BAEA-EAEC2AE8F3FE}.Debug|x64.Build.0 = Debug|Any CPU
		{3DC1B783-AF69-4CFB-BAEA-EAEC2AE8F3FE}.Debug|x86.ActiveCfg = Debug|Any CPU
		{3DC1B783-AF69-4CFB-BAEA-EAEC2AE8F3FE}.Debug|x86.Build.0 = Debug|Any CPU
		{3DC1B783-AF69-4CFB-BAEA-EAEC2AE8F3FE}.Release|Any CPU.ActiveCfg = Release|Any CPU
		{3DC1B783-AF69-4CFB-BAEA-EAEC2AE8F3FE}.Release|Any CPU.Build.0 = Release|Any CPU
		{3DC1B783-AF69-4CFB-BAEA-EAEC2AE8F3FE}.Release|x64.ActiveCfg = Release|Any CPU
		{3DC1B783-AF69-4CFB-BAEA-EAEC2AE8F3FE}.Release|x64.Build.0 = Release|Any CPU
		{3DC1B783-AF69-4CFB-BAEA-EAEC2AE8F3FE}.Release|x86.ActiveCfg = Release|Any CPU
		{3DC1B783-AF69-4CFB-BAEA-EAEC2AE8F3FE}.Release|x86.Build.0 = Release|Any CPU
		{73349DF9-56B5-40AF-9D07-7CBDC5BD3799}.Debug|Any CPU.ActiveCfg = Debug|Any CPU
		{73349DF9-56B5-40AF-9D07-7CBDC5BD3799}.Debug|Any CPU.Build.0 = Debug|Any CPU
		{73349DF9-56B5-40AF-9D07-7CBDC5BD3799}.Debug|x64.ActiveCfg = Debug|Any CPU
		{73349DF9-56B5-40AF-9D07-7CBDC5BD3799}.Debug|x64.Build.0 = Debug|Any CPU
		{73349DF9-56B5-40AF-9D07-7CBDC5BD3799}.Debug|x86.ActiveCfg = Debug|Any CPU
		{73349DF9-56B5-40AF-9D07-7CBDC5BD3799}.Debug|x86.Build.0 = Debug|Any CPU
		{73349DF9-56B5-40AF-9D07-7CBDC5BD3799}.Release|Any CPU.ActiveCfg = Release|Any CPU
		{73349DF9-56B5-40AF-9D07-7CBDC5BD3799}.Release|Any CPU.Build.0 = Release|Any CPU
		{73349DF9-56B5-40AF-9D07-7CBDC5BD3799}.Release|x64.ActiveCfg = Release|Any CPU
		{73349DF9-56B5-40AF-9D07-7CBDC5BD3799}.Release|x64.Build.0 = Release|Any CPU
		{73349DF9-56B5-40AF-9D07-7CBDC5BD3799}.Release|x86.ActiveCfg = Release|Any CPU
		{73349DF9-56B5-40AF-9D07-7CBDC5BD3799}.Release|x86.Build.0 = Release|Any CPU
		{39B10A52-73D1-4C3D-B257-28F671755029}.Debug|Any CPU.ActiveCfg = Debug|Any CPU
		{39B10A52-73D1-4C3D-B257-28F671755029}.Debug|Any CPU.Build.0 = Debug|Any CPU
		{39B10A52-73D1-4C3D-B257-28F671755029}.Debug|x64.ActiveCfg = Debug|Any CPU
		{39B10A52-73D1-4C3D-B257-28F671755029}.Debug|x64.Build.0 = Debug|Any CPU
		{39B10A52-73D1-4C3D-B257-28F671755029}.Debug|x86.ActiveCfg = Debug|Any CPU
		{39B10A52-73D1-4C3D-B257-28F671755029}.Debug|x86.Build.0 = Debug|Any CPU
		{39B10A52-73D1-4C3D-B257-28F671755029}.Release|Any CPU.ActiveCfg = Release|Any CPU
		{39B10A52-73D1-4C3D-B257-28F671755029}.Release|Any CPU.Build.0 = Release|Any CPU
		{39B10A52-73D1-4C3D-B257-28F671755029}.Release|x64.ActiveCfg = Release|Any CPU
		{39B10A52-73D1-4C3D-B257-28F671755029}.Release|x64.Build.0 = Release|Any CPU
		{39B10A52-73D1-4C3D-B257-28F671755029}.Release|x86.ActiveCfg = Release|Any CPU
		{39B10A52-73D1-4C3D-B257-28F671755029}.Release|x86.Build.0 = Release|Any CPU
	EndGlobalSection
	GlobalSection(SolutionProperties) = preSolution
		HideSolutionNode = FALSE
	EndGlobalSection
	GlobalSection(NestedProjects) = preSolution
		{14829A3B-A66A-4FB5-B872-6168CDC52263} = {AD70F5BE-1A46-4780-883A-0DA73A94C126}
		{33D249E2-482A-4F2A-B204-60E4791E00A9} = {12D5A159-C02C-4BD1-A3F1-1D8380BD11CB}
		{3DC1B783-AF69-4CFB-BAEA-EAEC2AE8F3FE} = {DA2F811F-E97A-4C4D-AD3B-A5C439FABC6B}
		{73349DF9-56B5-40AF-9D07-7CBDC5BD3799} = {E7DFB5FF-3FF8-446A-8F55-F1735AEEA532}
		{39B10A52-73D1-4C3D-B257-28F671755029} = {12D5A159-C02C-4BD1-A3F1-1D8380BD11CB}
		{AD70F5BE-1A46-4780-883A-0DA73A94C126} = {47C95FBE-BA48-4417-8AF7-0915E5F1928E}
		{12D5A159-C02C-4BD1-A3F1-1D8380BD11CB} = {47C95FBE-BA48-4417-8AF7-0915E5F1928E}
		{DA2F811F-E97A-4C4D-AD3B-A5C439FABC6B} = {47C95FBE-BA48-4417-8AF7-0915E5F1928E}
	EndGlobalSection
	GlobalSection(ExtensibilityGlobals) = postSolution
		SolutionGuid = {759642A0-451B-45E7-9555-F091361FE62D}
	EndGlobalSection
EndGlobal
